
Microsoft Visual Studio Solution File, Format Version 11.00
# Visual Studio 2010
Project("{8BC9CEB8-8B4A-11D0-8D11-00A0C91BC942}") = "aisd4", "aisd4\aisd4.vcxproj", "{BA68C7E4-7CFB-4BCA-9ABD-A6F73F263277}"
EndProject
Global
	GlobalSection(SolutionConfigurationPlatforms) = preSolution
		Debug|Win32 = Debug|Win32
		Release|Win32 = Release|Win32
	EndGlobalSection
	GlobalSection(ProjectConfigurationPlatforms) = postSolution
		{BA68C7E4-7CFB-4BCA-9ABD-A6F73F263277}.Debug|Win32.ActiveCfg = Debug|Win32
		{BA68C7E4-7CFB-4BCA-9ABD-A6F73F263277}.Debug|Win32.Build.0 = Debug|Win32
		{BA68C7E4-7CFB-4BCA-9ABD-A6F73F263277}.Release|Win32.ActiveCfg = Release|Win32
		{BA68C7E4-7CFB-4BCA-9ABD-A6F73F263277}.Release|Win32.Build.0 = Release|Win32
	EndGlobalSection
	GlobalSection(SolutionProperties) = preSolution
		HideSolutionNode = FALSE
	EndGlobalSection
EndGlobal
