
Microsoft Visual Studio Solution File, Format Version 11.00
# Visual Studio 2010
Project("{8BC9CEB8-8B4A-11D0-8D11-00A0C91BC942}") = "aisd_10", "aisd_10\aisd_10.vcxproj", "{14C347A3-73B2-405D-B533-E5FD4E21D0FA}"
EndProject
Global
	GlobalSection(SolutionConfigurationPlatforms) = preSolution
		Debug|Win32 = Debug|Win32
		Release|Win32 = Release|Win32
	EndGlobalSection
	GlobalSection(ProjectConfigurationPlatforms) = postSolution
		{14C347A3-73B2-405D-B533-E5FD4E21D0FA}.Debug|Win32.ActiveCfg = Debug|Win32
		{14C347A3-73B2-405D-B533-E5FD4E21D0FA}.Debug|Win32.Build.0 = Debug|Win32
		{14C347A3-73B2-405D-B533-E5FD4E21D0FA}.Release|Win32.ActiveCfg = Release|Win32
		{14C347A3-73B2-405D-B533-E5FD4E21D0FA}.Release|Win32.Build.0 = Release|Win32
	EndGlobalSection
	GlobalSection(SolutionProperties) = preSolution
		HideSolutionNode = FALSE
	EndGlobalSection
EndGlobal
