
Microsoft Visual Studio Solution File, Format Version 11.00
# Visual Studio 2010
Project("{8BC9CEB8-8B4A-11D0-8D11-00A0C91BC942}") = "aisd11", "aisd11\aisd11.vcxproj", "{86AEF5F9-4B70-490B-A368-F049574C6414}"
EndProject
Global
	GlobalSection(SolutionConfigurationPlatforms) = preSolution
		Debug|Win32 = Debug|Win32
		Release|Win32 = Release|Win32
	EndGlobalSection
	GlobalSection(ProjectConfigurationPlatforms) = postSolution
		{86AEF5F9-4B70-490B-A368-F049574C6414}.Debug|Win32.ActiveCfg = Debug|Win32
		{86AEF5F9-4B70-490B-A368-F049574C6414}.Debug|Win32.Build.0 = Debug|Win32
		{86AEF5F9-4B70-490B-A368-F049574C6414}.Release|Win32.ActiveCfg = Release|Win32
		{86AEF5F9-4B70-490B-A368-F049574C6414}.Release|Win32.Build.0 = Release|Win32
	EndGlobalSection
	GlobalSection(SolutionProperties) = preSolution
		HideSolutionNode = FALSE
	EndGlobalSection
EndGlobal
