
Microsoft Visual Studio Solution File, Format Version 11.00
# Visual Studio 2010
Project("{8BC9CEB8-8B4A-11D0-8D11-00A0C91BC942}") = "ОПBL_MM", "ОПBL_MM\ОПBL_MM.vcxproj", "{A4FA55B7-F8D4-4FBD-BBFA-5870C41AA644}"
EndProject
Global
	GlobalSection(SolutionConfigurationPlatforms) = preSolution
		Debug|Win32 = Debug|Win32
		Release|Win32 = Release|Win32
	EndGlobalSection
	GlobalSection(ProjectConfigurationPlatforms) = postSolution
		{A4FA55B7-F8D4-4FBD-BBFA-5870C41AA644}.Debug|Win32.ActiveCfg = Debug|Win32
		{A4FA55B7-F8D4-4FBD-BBFA-5870C41AA644}.Debug|Win32.Build.0 = Debug|Win32
		{A4FA55B7-F8D4-4FBD-BBFA-5870C41AA644}.Release|Win32.ActiveCfg = Release|Win32
		{A4FA55B7-F8D4-4FBD-BBFA-5870C41AA644}.Release|Win32.Build.0 = Release|Win32
	EndGlobalSection
	GlobalSection(SolutionProperties) = preSolution
		HideSolutionNode = FALSE
	EndGlobalSection
EndGlobal
