
Microsoft Visual Studio Solution File, Format Version 11.00
# Visual Studio 2010
Project("{8BC9CEB8-8B4A-11D0-8D11-00A0C91BC942}") = "jav", "jav\jav.vcxproj", "{FCD30B29-AA7B-426C-9B07-2550549F11EA}"
EndProject
Global
	GlobalSection(SolutionConfigurationPlatforms) = preSolution
		Debug|Win32 = Debug|Win32
		Release|Win32 = Release|Win32
	EndGlobalSection
	GlobalSection(ProjectConfigurationPlatforms) = postSolution
		{FCD30B29-AA7B-426C-9B07-2550549F11EA}.Debug|Win32.ActiveCfg = Debug|Win32
		{FCD30B29-AA7B-426C-9B07-2550549F11EA}.Debug|Win32.Build.0 = Debug|Win32
		{FCD30B29-AA7B-426C-9B07-2550549F11EA}.Release|Win32.ActiveCfg = Release|Win32
		{FCD30B29-AA7B-426C-9B07-2550549F11EA}.Release|Win32.Build.0 = Release|Win32
	EndGlobalSection
	GlobalSection(SolutionProperties) = preSolution
		HideSolutionNode = FALSE
	EndGlobalSection
EndGlobal
