<?xml version="1.0" encoding="utf-8"?>
<Project ToolsVersion="4.0" xmlns="http://schemas.microsoft.com/developer/msbuild/2003">
  <ItemGroup>
    <ClCompile Include="functions.cpp">
      <Filter>NewFilter1</Filter>
    </ClCompile>
    <ClCompile Include="С3.cpp">
      <Filter>NewFilter1</Filter>
    </ClCompile>
  </ItemGroup>
  <ItemGroup>
    <Text Include="input.txt">
      <Filter>NewFilter1</Filter>
    </Text>
    <Text Include="output.txt">
      <Filter>NewFilter1</Filter>
    </Text>
  </ItemGroup>
  <ItemGroup>
    <Filter Include="NewFilter1">
      <UniqueIdentifier>{53925c63-c777-42f7-b65e-76d8f9c7b21a}</UniqueIdentifier>
    </Filter>
  </ItemGroup>
  <ItemGroup>
    <ClInclude Include="functions.h">
      <Filter>NewFilter1</Filter>
    </ClInclude>
  </ItemGroup>
  <ItemGroup>
    <MASM Include="PER.asm">
      <Filter>NewFilter1</Filter>
    </MASM>
  </ItemGroup>
</Project>