
Microsoft Visual Studio Solution File, Format Version 11.00
# Visual Studio 2010
Project("{8BC9CEB8-8B4A-11D0-8D11-00A0C91BC942}") = "oc3", "oc3\oc3.vcxproj", "{52DC17FC-733B-427F-8384-8C7316BB6D4B}"
EndProject
Global
	GlobalSection(SolutionConfigurationPlatforms) = preSolution
		Debug|Win32 = Debug|Win32
		Release|Win32 = Release|Win32
	EndGlobalSection
	GlobalSection(ProjectConfigurationPlatforms) = postSolution
		{52DC17FC-733B-427F-8384-8C7316BB6D4B}.Debug|Win32.ActiveCfg = Debug|Win32
		{52DC17FC-733B-427F-8384-8C7316BB6D4B}.Debug|Win32.Build.0 = Debug|Win32
		{52DC17FC-733B-427F-8384-8C7316BB6D4B}.Release|Win32.ActiveCfg = Release|Win32
		{52DC17FC-733B-427F-8384-8C7316BB6D4B}.Release|Win32.Build.0 = Release|Win32
	EndGlobalSection
	GlobalSection(SolutionProperties) = preSolution
		HideSolutionNode = FALSE
	EndGlobalSection
EndGlobal
