
Microsoft Visual Studio Solution File, Format Version 12.00
# Visual Studio 15
VisualStudioVersion = 15.0.27130.2027
MinimumVisualStudioVersion = 10.0.40219.1
Project("{8BC9CEB8-8B4A-11D0-8D11-00A0C91BC942}") = "Brian", "Brian\Brian.vcxproj", "{0EC0216B-0B8D-4107-8BF8-05856C323029}"
EndProject
Global
	GlobalSection(SolutionConfigurationPlatforms) = preSolution
		Debug|x64 = Debug|x64
		Debug|x86 = Debug|x86
		Release|x64 = Release|x64
		Release|x86 = Release|x86
	EndGlobalSection
	GlobalSection(ProjectConfigurationPlatforms) = postSolution
		{0EC0216B-0B8D-4107-8BF8-05856C323029}.Debug|x64.ActiveCfg = Debug|x64
		{0EC0216B-0B8D-4107-8BF8-05856C323029}.Debug|x64.Build.0 = Debug|x64
		{0EC0216B-0B8D-4107-8BF8-05856C323029}.Debug|x86.ActiveCfg = Debug|Win32
		{0EC0216B-0B8D-4107-8BF8-05856C323029}.Debug|x86.Build.0 = Debug|Win32
		{0EC0216B-0B8D-4107-8BF8-05856C323029}.Release|x64.ActiveCfg = Release|x64
		{0EC0216B-0B8D-4107-8BF8-05856C323029}.Release|x64.Build.0 = Release|x64
		{0EC0216B-0B8D-4107-8BF8-05856C323029}.Release|x86.ActiveCfg = Release|Win32
		{0EC0216B-0B8D-4107-8BF8-05856C323029}.Release|x86.Build.0 = Release|Win32
	EndGlobalSection
	GlobalSection(SolutionProperties) = preSolution
		HideSolutionNode = FALSE
	EndGlobalSection
	GlobalSection(ExtensibilityGlobals) = postSolution
		SolutionGuid = {DC49F93D-54BA-4DF9-ADB7-0971689F62BA}
	EndGlobalSection
EndGlobal
